
Microsoft Visual Studio Solution File, Format Version 12.00
# Visual Studio Version 17
VisualStudioVersion = 17.1.32328.378
MinimumVisualStudioVersion = 10.0.40219.1
Project("{9A19103F-16F7-4668-BE54-9A1E7A4F7556}") = "SnakeAndLadder", "SnakeAndLadder\SnakeAndLadder.csproj", "{D3918A97-4C07-429B-9394-0872EDA0D95E}"
EndProject
Project("{2150E333-8FDC-42A3-9474-1A3956D46DE8}") = "Solution Items", "Solution Items", "{E9236AD5-24C3-4504-B8A4-F582E63DD458}"
	ProjectSection(SolutionItems) = preProject
		.editorconfig = .editorconfig
	EndProjectSection
EndProject
Global
	GlobalSection(SolutionConfigurationPlatforms) = preSolution
		Debug|Any CPU = Debug|Any CPU
		Release|Any CPU = Release|Any CPU
	EndGlobalSection
	GlobalSection(ProjectConfigurationPlatforms) = postSolution
		{D3918A97-4C07-429B-9394-0872EDA0D95E}.Debug|Any CPU.ActiveCfg = Debug|Any CPU
		{D3918A97-4C07-429B-9394-0872EDA0D95E}.Debug|Any CPU.Build.0 = Debug|Any CPU
		{D3918A97-4C07-429B-9394-0872EDA0D95E}.Release|Any CPU.ActiveCfg = Release|Any CPU
		{D3918A97-4C07-429B-9394-0872EDA0D95E}.Release|Any CPU.Build.0 = Release|Any CPU
	EndGlobalSection
	GlobalSection(SolutionProperties) = preSolution
		HideSolutionNode = FALSE
	EndGlobalSection
	GlobalSection(ExtensibilityGlobals) = postSolution
		SolutionGuid = {DDA00D3A-ABBE-4794-9510-08AA22D949AA}
	EndGlobalSection
EndGlobal
